github.com/zhangyiming748/basicGin v0.0.0-20241103013125-23661cf3b137 h1:Pwype+B5o6KaioQGuxBSw0hNfJQsGLYMgtSHKHmYeaY=
github.com/zhangyiming748/basicGin v0.0.0-20241103013125-23661cf3b137/go.mod h1:FdU99ivAWjW9rk/EDHk//p8Eqh/1gwvAExVAQ+HZYF0=
github.com/zhangyiming748/lumberjack v0.0.1 h1:/r1XMBfGVZ/ZrRU56vl0aKeVddidi3388ETLLCWxoW4=
github.com/zhangyiming748/lumberjack v0.0.1/go.mod h1:11eemyl+ecJVHsV0uA62hHy+geuwthU0Y2owuM9TXdI=
